{
  "name": "guesswork",
  "version": "0.0.6",
  "lockfileVersion": 1,
  "dependencies": {
    "@npm-polymer/app-layout": {
      "version": "2.0.0",
      "resolved": "https://registry.npmjs.org/@npm-polymer/app-layout/-/app-layout-2.0.0.tgz",
      "integrity": "sha1-cQwNZnZhmYiZ+vfU5YIbrQX3iNY="
    },
    "@npm-polymer/app-layout-templates": {
      "version": "1.0.0",
      "resolved": "https://registry.npmjs.org/@npm-polymer/app-layout-templates/-/app-layout-templates-1.0.0.tgz",
      "integrity": "sha1-RXNMYYZ3SH4lLUwUxTKtXaT+hQs="
    },
    "@npm-polymer/app-localize-behavior": {
      "version": "2.0.0",
      "resolved": "https://registry.npmjs.org/@npm-polymer/app-localize-behavior/-/app-localize-behavior-2.0.0.tgz",
      "integrity": "sha1-+vu/wk95T46l5PNVNNCAbiaeAno="
    },
    "@npm-polymer/app-media": {
      "version": "0.7.1",
      "resolved": "https://registry.npmjs.org/@npm-polymer/app-media/-/app-media-0.7.1.tgz",
      "integrity": "sha1-fLVNv0MQhZOL0IqD7Cu1bTdvVPE="
    },
    "@npm-polymer/app-pouchdb": {
      "version": "2.0.0",
      "resolved": "https://registry.npmjs.org/@npm-polymer/app-pouchdb/-/app-pouchdb-2.0.0.tgz",
      "integrity": "sha1-u8yXwIoKIr4KP9vbycCk+KACyWo="
    },
    "@npm-polymer/app-route": {
      "version": "2.0.0",
      "resolved": "https://registry.npmjs.org/@npm-polymer/app-route/-/app-route-2.0.0.tgz",
      "integrity": "sha1-l5+/DqRREAntC2d08dCcojcA/Qs="
    },
    "@npm-polymer/app-storage": {
      "version": "2.0.1",
      "resolved": "https://registry.npmjs.org/@npm-polymer/app-storage/-/app-storage-2.0.1.tgz",
      "integrity": "sha1-K8NC25uII34rL9jLWN2sHD6DWrA="
    },
    "@npm-polymer/chart.js": {
      "version": "2.6.0",
      "resolved": "https://registry.npmjs.org/@npm-polymer/chart.js/-/chart.js-2.6.0.tgz",
      "integrity": "sha1-BpBQo2YMjzxtSaSyiu1FGDdsffQ="
    },
    "@npm-polymer/font-roboto": {
      "version": "1.0.1",
      "resolved": "https://registry.npmjs.org/@npm-polymer/font-roboto/-/font-roboto-1.0.1.tgz",
      "integrity": "sha1-3Y9KamPB4Gh2qwUvwEK9zhf0ANQ="
    },
    "@npm-polymer/gold-cc-expiration-input": {
      "version": "1.1.3",
      "resolved": "https://registry.npmjs.org/@npm-polymer/gold-cc-expiration-input/-/gold-cc-expiration-input-1.1.3.tgz",
      "integrity": "sha1-xwMjh2m0xvi0AC5BM5HigfA1DZw="
    },
    "@npm-polymer/gold-cc-input": {
      "version": "1.0.7",
      "resolved": "https://registry.npmjs.org/@npm-polymer/gold-cc-input/-/gold-cc-input-1.0.7.tgz",
      "integrity": "sha1-h9gevGte+gES9igjX3vcVy7xlUY="
    },
    "@npm-polymer/gold-email-input": {
      "version": "1.0.9",
      "resolved": "https://registry.npmjs.org/@npm-polymer/gold-email-input/-/gold-email-input-1.0.9.tgz",
      "integrity": "sha1-znAKlZgi+/Eswi7p2MYTsIFufhU="
    },
    "@npm-polymer/gold-phone-input": {
      "version": "1.1.0",
      "resolved": "https://registry.npmjs.org/@npm-polymer/gold-phone-input/-/gold-phone-input-1.1.0.tgz",
      "integrity": "sha1-Y0/UK+GP97g8I89QNVvbfZ76kiI="
    },
    "@npm-polymer/gold-zip-input": {
      "version": "1.0.6",
      "resolved": "https://registry.npmjs.org/@npm-polymer/gold-zip-input/-/gold-zip-input-1.0.6.tgz",
      "integrity": "sha1-Cta7Z/C3E9OBcuCyx1xSvdy/4GM="
    },
    "@npm-polymer/hydrolysis": {
      "version": "1.25.0",
      "resolved": "https://registry.npmjs.org/@npm-polymer/hydrolysis/-/hydrolysis-1.25.0.tgz",
      "integrity": "sha1-J1O1pvDiS5zKJEZOXQlOdjP9RJM="
    },
    "@npm-polymer/intl-messageformat": {
      "version": "1.3.0",
      "resolved": "https://registry.npmjs.org/@npm-polymer/intl-messageformat/-/intl-messageformat-1.3.0.tgz",
      "integrity": "sha1-XB/1wELpHYgtiUO7fLHKGTVwn8c="
    },
    "@npm-polymer/iron-a11y-announcer": {
      "version": "1.0.6",
      "resolved": "https://registry.npmjs.org/@npm-polymer/iron-a11y-announcer/-/iron-a11y-announcer-1.0.6.tgz",
      "integrity": "sha1-/madl7ADxtUhBoZ5nHXBVnK7xHI="
    },
    "@npm-polymer/iron-a11y-keys": {
      "version": "2.0.0",
      "resolved": "https://registry.npmjs.org/@npm-polymer/iron-a11y-keys/-/iron-a11y-keys-2.0.0.tgz",
      "integrity": "sha1-UpB3tVBysNQUHQRpnypY5kCj19o="
    },
    "@npm-polymer/iron-a11y-keys-behavior": {
      "version": "1.1.9",
      "resolved": "https://registry.npmjs.org/@npm-polymer/iron-a11y-keys-behavior/-/iron-a11y-keys-behavior-1.1.9.tgz",
      "integrity": "sha1-5LvtYmrlPGV1qTwvAYJMXLMVrgI="
    },
    "@npm-polymer/iron-ajax": {
      "version": "1.4.4",
      "resolved": "https://registry.npmjs.org/@npm-polymer/iron-ajax/-/iron-ajax-1.4.4.tgz",
      "integrity": "sha1-0jVYiEFDJifDikE6Xx4uPxDkE0g="
    },
    "@npm-polymer/iron-autogrow-textarea": {
      "version": "1.0.15",
      "resolved": "https://registry.npmjs.org/@npm-polymer/iron-autogrow-textarea/-/iron-autogrow-textarea-1.0.15.tgz",
      "integrity": "sha1-TEWY2ExA+bwasixlZ8dOSxso3v0="
    },
    "@npm-polymer/iron-behaviors": {
      "version": "1.0.18",
      "resolved": "https://registry.npmjs.org/@npm-polymer/iron-behaviors/-/iron-behaviors-1.0.18.tgz",
      "integrity": "sha1-Ru9u2RGAzXdhXhEbJCxYMDEebVM="
    },
    "@npm-polymer/iron-checked-element-behavior": {
      "version": "1.0.6",
      "resolved": "https://registry.npmjs.org/@npm-polymer/iron-checked-element-behavior/-/iron-checked-element-behavior-1.0.6.tgz",
      "integrity": "sha1-+eT/kBDYugXO9TuXM0oEfUhcihE="
    },
    "@npm-polymer/iron-collapse": {
      "version": "1.3.0",
      "resolved": "https://registry.npmjs.org/@npm-polymer/iron-collapse/-/iron-collapse-1.3.0.tgz",
      "integrity": "sha1-Xvmadk+dYp5S2utXzBdZ1t/cPvw="
    },
    "@npm-polymer/iron-component-page": {
      "version": "2.0.0",
      "resolved": "https://registry.npmjs.org/@npm-polymer/iron-component-page/-/iron-component-page-2.0.0.tgz",
      "integrity": "sha1-AXOXQNAnx8QgchACq/bzDKtLpC8="
    },
    "@npm-polymer/iron-demo-helpers": {
      "version": "2.0.0",
      "resolved": "https://registry.npmjs.org/@npm-polymer/iron-demo-helpers/-/iron-demo-helpers-2.0.0.tgz",
      "integrity": "sha1-HT0QGU7Nw44GTbUnzw1K4zIgZz8="
    },
    "@npm-polymer/iron-doc-viewer": {
      "version": "2.0.0",
      "resolved": "https://registry.npmjs.org/@npm-polymer/iron-doc-viewer/-/iron-doc-viewer-2.0.0.tgz",
      "integrity": "sha1-uzrxNsMOsYJEyWnrWrQFU+Y8n8Q="
    },
    "@npm-polymer/iron-dropdown": {
      "version": "2.0.0",
      "resolved": "https://registry.npmjs.org/@npm-polymer/iron-dropdown/-/iron-dropdown-2.0.0.tgz",
      "integrity": "sha1-togjocEpYEnOS09Cl8Dqt2rCjVo="
    },
    "@npm-polymer/iron-fit-behavior": {
      "version": "2.0.0",
      "resolved": "https://registry.npmjs.org/@npm-polymer/iron-fit-behavior/-/iron-fit-behavior-2.0.0.tgz",
      "integrity": "sha1-2LB3pktMw0pPgXFlJEum5NB4IBE="
    },
    "@npm-polymer/iron-flex-layout": {
      "version": "1.3.7",
      "resolved": "https://registry.npmjs.org/@npm-polymer/iron-flex-layout/-/iron-flex-layout-1.3.7.tgz",
      "integrity": "sha1-5zidpWiLkWsWVDFmeO9YL76CPGU="
    },
    "@npm-polymer/iron-form": {
      "version": "1.1.5",
      "resolved": "https://registry.npmjs.org/@npm-polymer/iron-form/-/iron-form-1.1.5.tgz",
      "integrity": "sha1-t+juR7qy38XZ3Te70yh/dgal4qU="
    },
    "@npm-polymer/iron-form-element-behavior": {
      "version": "1.0.7",
      "resolved": "https://registry.npmjs.org/@npm-polymer/iron-form-element-behavior/-/iron-form-element-behavior-1.0.7.tgz",
      "integrity": "sha1-QMJk8xxx9uJs9PLjw/DLxkW88nE="
    },
    "@npm-polymer/iron-icon": {
      "version": "1.0.13",
      "resolved": "https://registry.npmjs.org/@npm-polymer/iron-icon/-/iron-icon-1.0.13.tgz",
      "integrity": "sha1-ViA61B/C13arIp8U4uqTqPec3DY="
    },
    "@npm-polymer/iron-icons": {
      "version": "1.2.1",
      "resolved": "https://registry.npmjs.org/@npm-polymer/iron-icons/-/iron-icons-1.2.1.tgz",
      "integrity": "sha1-qN12TRAYYXHcEyspt3Y9HGzCkoY="
    },
    "@npm-polymer/iron-iconset": {
      "version": "2.0.0",
      "resolved": "https://registry.npmjs.org/@npm-polymer/iron-iconset/-/iron-iconset-2.0.0.tgz",
      "integrity": "sha1-ga7Ib+PmnA8LRejQ2os0m+PPlck="
    },
    "@npm-polymer/iron-iconset-svg": {
      "version": "1.1.1",
      "resolved": "https://registry.npmjs.org/@npm-polymer/iron-iconset-svg/-/iron-iconset-svg-1.1.1.tgz",
      "integrity": "sha1-IY8BQd5QadEi/+Q+6qdxLYAY+Ys="
    },
    "@npm-polymer/iron-image": {
      "version": "2.1.1",
      "resolved": "https://registry.npmjs.org/@npm-polymer/iron-image/-/iron-image-2.1.1.tgz",
      "integrity": "sha1-YAHfJQEymD5Ii+p3Q+xWA7AplQQ="
    },
    "@npm-polymer/iron-input": {
      "version": "1.0.11",
      "resolved": "https://registry.npmjs.org/@npm-polymer/iron-input/-/iron-input-1.0.11.tgz",
      "integrity": "sha1-eDoa13AN/RFR0lv3zAX0iHPiwrE="
    },
    "@npm-polymer/iron-jsonp-library": {
      "version": "2.0.0",
      "resolved": "https://registry.npmjs.org/@npm-polymer/iron-jsonp-library/-/iron-jsonp-library-2.0.0.tgz",
      "integrity": "sha1-/OiOKX4zwhWwNq4yhZ5uYdrZUnA="
    },
    "@npm-polymer/iron-label": {
      "version": "2.0.0",
      "resolved": "https://registry.npmjs.org/@npm-polymer/iron-label/-/iron-label-2.0.0.tgz",
      "integrity": "sha1-yadDcBVOUdbZk0/9cricTf58bA8="
    },
    "@npm-polymer/iron-list": {
      "version": "2.0.0",
      "resolved": "https://registry.npmjs.org/@npm-polymer/iron-list/-/iron-list-2.0.0.tgz",
      "integrity": "sha1-aF8aQCGG9zduogHHVk1XaHIPlrs="
    },
    "@npm-polymer/iron-localstorage": {
      "version": "2.0.0",
      "resolved": "https://registry.npmjs.org/@npm-polymer/iron-localstorage/-/iron-localstorage-2.0.0.tgz",
      "integrity": "sha1-CuXhiwonYg1MiT7FMtfB/SxTWtk="
    },
    "@npm-polymer/iron-location": {
      "version": "2.0.1",
      "resolved": "https://registry.npmjs.org/@npm-polymer/iron-location/-/iron-location-2.0.1.tgz",
      "integrity": "sha1-oRpTYOqKJZX1G77HYQwxfh3tOZk="
    },
    "@npm-polymer/iron-media-query": {
      "version": "1.0.8",
      "resolved": "https://registry.npmjs.org/@npm-polymer/iron-media-query/-/iron-media-query-1.0.8.tgz",
      "integrity": "sha1-0IhVulVmVV9rqPYitVgJDEiYJC4="
    },
    "@npm-polymer/iron-menu-behavior": {
      "version": "1.3.1",
      "resolved": "https://registry.npmjs.org/@npm-polymer/iron-menu-behavior/-/iron-menu-behavior-1.3.1.tgz",
      "integrity": "sha1-imwZRdAkSeyh8pfEZH39J/VW+Rg="
    },
    "@npm-polymer/iron-meta": {
      "version": "1.1.3",
      "resolved": "https://registry.npmjs.org/@npm-polymer/iron-meta/-/iron-meta-1.1.3.tgz",
      "integrity": "sha1-20osH5Ir+07TO5UZZzfX6EBSjnw="
    },
    "@npm-polymer/iron-overlay-behavior": {
      "version": "2.0.0",
      "resolved": "https://registry.npmjs.org/@npm-polymer/iron-overlay-behavior/-/iron-overlay-behavior-2.0.0.tgz",
      "integrity": "sha1-h6dv5YJ7YeQ3zmNOAf61fCeX09c="
    },
    "@npm-polymer/iron-pages": {
      "version": "2.0.0",
      "resolved": "https://registry.npmjs.org/@npm-polymer/iron-pages/-/iron-pages-2.0.0.tgz",
      "integrity": "sha1-JhxcQhvJtKtIAq9Ty8XEK6tR+Os="
    },
    "@npm-polymer/iron-range-behavior": {
      "version": "1.0.7",
      "resolved": "https://registry.npmjs.org/@npm-polymer/iron-range-behavior/-/iron-range-behavior-1.0.7.tgz",
      "integrity": "sha1-rDgOrsaio3w9VikgrU1hSvfK5Hg="
    },
    "@npm-polymer/iron-resizable-behavior": {
      "version": "1.0.6",
      "resolved": "https://registry.npmjs.org/@npm-polymer/iron-resizable-behavior/-/iron-resizable-behavior-1.0.6.tgz",
      "integrity": "sha1-HWVAI+9IOI0ZWUucngGs52G674g="
    },
    "@npm-polymer/iron-scroll-target-behavior": {
      "version": "2.0.0",
      "resolved": "https://registry.npmjs.org/@npm-polymer/iron-scroll-target-behavior/-/iron-scroll-target-behavior-2.0.0.tgz",
      "integrity": "sha1-OsjBfYqFJsVUYMen8DIJW9Eo6CY="
    },
    "@npm-polymer/iron-scroll-threshold": {
      "version": "2.0.0",
      "resolved": "https://registry.npmjs.org/@npm-polymer/iron-scroll-threshold/-/iron-scroll-threshold-2.0.0.tgz",
      "integrity": "sha1-oEHwGe5fp9eqh3eJxzs7ST5ZTlo="
    },
    "@npm-polymer/iron-selector": {
      "version": "1.5.3",
      "resolved": "https://registry.npmjs.org/@npm-polymer/iron-selector/-/iron-selector-1.5.3.tgz",
      "integrity": "sha1-pdI6AgBkj8qprS43b9zU3LrCuU8="
    },
    "@npm-polymer/iron-signals": {
      "version": "1.0.3",
      "resolved": "https://registry.npmjs.org/@npm-polymer/iron-signals/-/iron-signals-1.0.3.tgz",
      "integrity": "sha1-fWyT0gb8UNeIyXJukTc8GxjpewQ="
    },
    "@npm-polymer/iron-swipeable-container": {
      "version": "1.0.3",
      "resolved": "https://registry.npmjs.org/@npm-polymer/iron-swipeable-container/-/iron-swipeable-container-1.0.3.tgz",
      "integrity": "sha1-oQK3oysCeeel/3O6/mNLJIAKFk8="
    },
    "@npm-polymer/iron-test-helpers": {
      "version": "2.0.0",
      "resolved": "https://registry.npmjs.org/@npm-polymer/iron-test-helpers/-/iron-test-helpers-2.0.0.tgz",
      "integrity": "sha1-+7jmu2jdoky91w1QJUvx0p4G4sA="
    },
    "@npm-polymer/iron-validatable-behavior": {
      "version": "1.1.2",
      "resolved": "https://registry.npmjs.org/@npm-polymer/iron-validatable-behavior/-/iron-validatable-behavior-1.1.2.tgz",
      "integrity": "sha1-ez8R3mugtRdtyXhjEzjxwU1RS/8="
    },
    "@npm-polymer/iron-validator-behavior": {
      "version": "1.0.2",
      "resolved": "https://registry.npmjs.org/@npm-polymer/iron-validator-behavior/-/iron-validator-behavior-1.0.2.tgz",
      "integrity": "sha1-mP7G7W6J3QRaSogKakHvNij/9nk="
    },
    "@npm-polymer/marked": {
      "version": "0.3.6",
      "resolved": "https://registry.npmjs.org/@npm-polymer/marked/-/marked-0.3.6.tgz",
      "integrity": "sha1-cZQ0X1RkNk0i9/cBUDG2iB20qXs="
    },
    "@npm-polymer/marked-element": {
      "version": "1.4.2",
      "resolved": "https://registry.npmjs.org/@npm-polymer/marked-element/-/marked-element-1.4.2.tgz",
      "integrity": "sha1-d+u0+cVgX1wEeHfWQ73RuRHrw/Y="
    },
    "@npm-polymer/molecules": {
      "version": "1.0.0",
      "resolved": "https://registry.npmjs.org/@npm-polymer/molecules/-/molecules-1.0.0.tgz",
      "integrity": "sha1-VutM3tCy4pkM3EmMwklSABfPKPE="
    },
    "@npm-polymer/neon-animation": {
      "version": "2.0.0",
      "resolved": "https://registry.npmjs.org/@npm-polymer/neon-animation/-/neon-animation-2.0.0.tgz",
      "integrity": "sha1-SoYgl6VtLE4mpwpIceIWO4fGbrY="
    },
    "@npm-polymer/npm-polymer": {
      "version": "0.0.4",
      "resolved": "https://registry.npmjs.org/@npm-polymer/npm-polymer/-/npm-polymer-0.0.4.tgz",
      "integrity": "sha1-DGxgkE9zdJUMMQOYfP71B8azgUA="
    },
    "@npm-polymer/paper-badge": {
      "version": "2.0.0",
      "resolved": "https://registry.npmjs.org/@npm-polymer/paper-badge/-/paper-badge-2.0.0.tgz",
      "integrity": "sha1-cYe9bpdD+2ddpYeYyR4CMVHgQsw="
    },
    "@npm-polymer/paper-behaviors": {
      "version": "1.0.13",
      "resolved": "https://registry.npmjs.org/@npm-polymer/paper-behaviors/-/paper-behaviors-1.0.13.tgz",
      "integrity": "sha1-LA7S3C0uJjbV1vjG2PFglyccujg="
    },
    "@npm-polymer/paper-button": {
      "version": "2.0.0",
      "resolved": "https://registry.npmjs.org/@npm-polymer/paper-button/-/paper-button-2.0.0.tgz",
      "integrity": "sha1-0QLikaYUGUlimW/VJkfJjfbeRjM="
    },
    "@npm-polymer/paper-card": {
      "version": "2.0.0",
      "resolved": "https://registry.npmjs.org/@npm-polymer/paper-card/-/paper-card-2.0.0.tgz",
      "integrity": "sha1-NH57Noi+AtjF9D3HCekNcszkHvo="
    },
    "@npm-polymer/paper-checkbox": {
      "version": "2.0.0",
      "resolved": "https://registry.npmjs.org/@npm-polymer/paper-checkbox/-/paper-checkbox-2.0.0.tgz",
      "integrity": "sha1-q/sjjQQPPzv8bQv8ueSXmx5wQik="
    },
    "@npm-polymer/paper-dialog": {
      "version": "2.0.0",
      "resolved": "https://registry.npmjs.org/@npm-polymer/paper-dialog/-/paper-dialog-2.0.0.tgz",
      "integrity": "sha1-WdYAcv/jNoYrZfVqeFVA3i8I+wU="
    },
    "@npm-polymer/paper-dialog-behavior": {
      "version": "2.0.0",
      "resolved": "https://registry.npmjs.org/@npm-polymer/paper-dialog-behavior/-/paper-dialog-behavior-2.0.0.tgz",
      "integrity": "sha1-SAZ3zyoWugTG5MnTrXO2Gv3ylV4="
    },
    "@npm-polymer/paper-dialog-scrollable": {
      "version": "2.1.0",
      "resolved": "https://registry.npmjs.org/@npm-polymer/paper-dialog-scrollable/-/paper-dialog-scrollable-2.1.0.tgz",
      "integrity": "sha1-y71u+FknSl9JjU5VwBxsVdXbCEk="
    },
    "@npm-polymer/paper-drawer-panel": {
      "version": "1.0.11",
      "resolved": "https://registry.npmjs.org/@npm-polymer/paper-drawer-panel/-/paper-drawer-panel-1.0.11.tgz",
      "integrity": "sha1-tVbdZ6illKTdovW9P8fRc4CwUkE="
    },
    "@npm-polymer/paper-dropdown-menu": {
      "version": "2.0.0",
      "resolved": "https://registry.npmjs.org/@npm-polymer/paper-dropdown-menu/-/paper-dropdown-menu-2.0.0.tgz",
      "integrity": "sha1-wAFmm5s3+HgF85NakFT7V86DFMU="
    },
    "@npm-polymer/paper-fab": {
      "version": "2.0.0",
      "resolved": "https://registry.npmjs.org/@npm-polymer/paper-fab/-/paper-fab-2.0.0.tgz",
      "integrity": "sha1-tt99iJPiVow9vXb1xeOWuUxVtlY="
    },
    "@npm-polymer/paper-header-panel": {
      "version": "1.1.7",
      "resolved": "https://registry.npmjs.org/@npm-polymer/paper-header-panel/-/paper-header-panel-1.1.7.tgz",
      "integrity": "sha1-QFlI14oDPSnMymts1rwNBsjp3yw="
    },
    "@npm-polymer/paper-icon-button": {
      "version": "1.1.6",
      "resolved": "https://registry.npmjs.org/@npm-polymer/paper-icon-button/-/paper-icon-button-1.1.6.tgz",
      "integrity": "sha1-Y/dnUJnV1SruRp5aSrRGNKEwAZg="
    },
    "@npm-polymer/paper-input": {
      "version": "1.1.24",
      "resolved": "https://registry.npmjs.org/@npm-polymer/paper-input/-/paper-input-1.1.24.tgz",
      "integrity": "sha1-Enu8ZCJmUkJRZ6nW/tEgbzSqHYg="
    },
    "@npm-polymer/paper-item": {
      "version": "1.2.2",
      "resolved": "https://registry.npmjs.org/@npm-polymer/paper-item/-/paper-item-1.2.2.tgz",
      "integrity": "sha1-sYmcyTHJxLB5JL6pntEhE3854Mw="
    },
    "@npm-polymer/paper-linear-progress": {
      "version": "1.0.7",
      "resolved": "https://registry.npmjs.org/@npm-polymer/paper-linear-progress/-/paper-linear-progress-1.0.7.tgz",
      "integrity": "sha1-H/0ZccyHktHoZ/ltLO3O8zrW168="
    },
    "@npm-polymer/paper-listbox": {
      "version": "2.0.0",
      "resolved": "https://registry.npmjs.org/@npm-polymer/paper-listbox/-/paper-listbox-2.0.0.tgz",
      "integrity": "sha1-XMDmASHYVrIQvT36tgEJK60MFN0="
    },
    "@npm-polymer/paper-material": {
      "version": "1.0.7",
      "resolved": "https://registry.npmjs.org/@npm-polymer/paper-material/-/paper-material-1.0.7.tgz",
      "integrity": "sha1-dCFrZXbx6dhxt8V/97taQjN10u4="
    },
    "@npm-polymer/paper-menu": {
      "version": "1.3.0",
      "resolved": "https://registry.npmjs.org/@npm-polymer/paper-menu/-/paper-menu-1.3.0.tgz",
      "integrity": "sha1-eyXxZMPVhxWi44kyOjrkKE64z7I="
    },
    "@npm-polymer/paper-menu-button": {
      "version": "2.0.0",
      "resolved": "https://registry.npmjs.org/@npm-polymer/paper-menu-button/-/paper-menu-button-2.0.0.tgz",
      "integrity": "sha1-O6FfPSBlIVUnuDwqwCKmBsXDcmg="
    },
    "@npm-polymer/paper-progress": {
      "version": "2.0.0",
      "resolved": "https://registry.npmjs.org/@npm-polymer/paper-progress/-/paper-progress-2.0.0.tgz",
      "integrity": "sha1-95emDHPI38f01RetB1R3N9z80ik="
    },
    "@npm-polymer/paper-radio-button": {
      "version": "2.0.0",
      "resolved": "https://registry.npmjs.org/@npm-polymer/paper-radio-button/-/paper-radio-button-2.0.0.tgz",
      "integrity": "sha1-pNOnc1m2pCaceFCKrRbCWeJivu0="
    },
    "@npm-polymer/paper-radio-group": {
      "version": "2.0.0",
      "resolved": "https://registry.npmjs.org/@npm-polymer/paper-radio-group/-/paper-radio-group-2.0.0.tgz",
      "integrity": "sha1-eYFcIr7I5UHg0qg3nuk6G8Vq4qg="
    },
    "@npm-polymer/paper-ripple": {
      "version": "1.0.9",
      "resolved": "https://registry.npmjs.org/@npm-polymer/paper-ripple/-/paper-ripple-1.0.9.tgz",
      "integrity": "sha1-78pVSnSJ67270uNBZ+Hym33zPgc="
    },
    "@npm-polymer/paper-scroll-header-panel": {
      "version": "2.0.0",
      "resolved": "https://registry.npmjs.org/@npm-polymer/paper-scroll-header-panel/-/paper-scroll-header-panel-2.0.0.tgz",
      "integrity": "sha1-krG3c6yr1h4LkSWktEN44KbZxDA="
    },
    "@npm-polymer/paper-slider": {
      "version": "2.0.0",
      "resolved": "https://registry.npmjs.org/@npm-polymer/paper-slider/-/paper-slider-2.0.0.tgz",
      "integrity": "sha1-5/Nr7HIS53d51e7ZPpLyT42wO+I="
    },
    "@npm-polymer/paper-spinner": {
      "version": "2.0.0",
      "resolved": "https://registry.npmjs.org/@npm-polymer/paper-spinner/-/paper-spinner-2.0.0.tgz",
      "integrity": "sha1-Jqjn4S9Cwehg0568ksOrUE27I7E="
    },
    "@npm-polymer/paper-styles": {
      "version": "1.3.1",
      "resolved": "https://registry.npmjs.org/@npm-polymer/paper-styles/-/paper-styles-1.3.1.tgz",
      "integrity": "sha1-eVedXArE01WcE0cn0ZtONvh0xT8="
    },
    "@npm-polymer/paper-swatch-picker": {
      "version": "2.0.0",
      "resolved": "https://registry.npmjs.org/@npm-polymer/paper-swatch-picker/-/paper-swatch-picker-2.0.0.tgz",
      "integrity": "sha1-g2Pm67hSRr5yd7rKTdJlA+XroCg="
    },
    "@npm-polymer/paper-tabs": {
      "version": "2.0.0",
      "resolved": "https://registry.npmjs.org/@npm-polymer/paper-tabs/-/paper-tabs-2.0.0.tgz",
      "integrity": "sha1-o0Lprx16vASJouY1UzIuHAItPWE="
    },
    "@npm-polymer/paper-toast": {
      "version": "2.0.0",
      "resolved": "https://registry.npmjs.org/@npm-polymer/paper-toast/-/paper-toast-2.0.0.tgz",
      "integrity": "sha1-Uu/BGWFJ/EabKqB8G1hPxEaAHng="
    },
    "@npm-polymer/paper-toggle-button": {
      "version": "1.3.0",
      "resolved": "https://registry.npmjs.org/@npm-polymer/paper-toggle-button/-/paper-toggle-button-1.3.0.tgz",
      "integrity": "sha1-NSaSqpqnO/wSOhtcr8DIUj7VG2U="
    },
    "@npm-polymer/paper-toolbar": {
      "version": "1.1.7",
      "resolved": "https://registry.npmjs.org/@npm-polymer/paper-toolbar/-/paper-toolbar-1.1.7.tgz",
      "integrity": "sha1-AOvf/xSKX2FTyaEBBt0M7iM+NvI="
    },
    "@npm-polymer/paper-tooltip": {
      "version": "2.0.0",
      "resolved": "https://registry.npmjs.org/@npm-polymer/paper-tooltip/-/paper-tooltip-2.0.0.tgz",
      "integrity": "sha1-eb02+L6mK58Eiy3NzoKzFcvWdKY="
    },
    "@npm-polymer/platinum-bluetooth": {
      "version": "2.1.2",
      "resolved": "https://registry.npmjs.org/@npm-polymer/platinum-bluetooth/-/platinum-bluetooth-2.1.2.tgz",
      "integrity": "sha1-prbCUThBSoK/Km//Nova8C+jf2g="
    },
    "@npm-polymer/platinum-https-redirect": {
      "version": "1.0.1",
      "resolved": "https://registry.npmjs.org/@npm-polymer/platinum-https-redirect/-/platinum-https-redirect-1.0.1.tgz",
      "integrity": "sha1-aUzzi8G0c6vwBAqa3FOMvagt+RQ="
    },
    "@npm-polymer/platinum-push-messaging": {
      "version": "1.0.3",
      "resolved": "https://registry.npmjs.org/@npm-polymer/platinum-push-messaging/-/platinum-push-messaging-1.0.3.tgz",
      "integrity": "sha1-aXhuThfnCLUCiZ8fUnhRkgJ/ddY="
    },
    "@npm-polymer/platinum-sw": {
      "version": "1.2.4",
      "resolved": "https://registry.npmjs.org/@npm-polymer/platinum-sw/-/platinum-sw-1.2.4.tgz",
      "integrity": "sha1-LiNFe3oFXaYOkk2suLi96Hns5Wg="
    },
    "@npm-polymer/polymer": {
      "version": "2.0.1",
      "resolved": "https://registry.npmjs.org/@npm-polymer/polymer/-/polymer-2.0.1.tgz",
      "integrity": "sha1-bQuMmtVhxPOFQS1EK2731Rvt2js="
    },
    "@npm-polymer/pouchdb": {
      "version": "6.2.0",
      "resolved": "https://registry.npmjs.org/@npm-polymer/pouchdb/-/pouchdb-6.2.0.tgz",
      "integrity": "sha1-kCHPbLM0FadnRfvd0YdYJ1EVbXc="
    },
    "@npm-polymer/pouchdb-find": {
      "version": "0.10.5",
      "resolved": "https://registry.npmjs.org/@npm-polymer/pouchdb-find/-/pouchdb-find-0.10.5.tgz",
      "integrity": "sha1-5jp651uIn+71PAM9gn3JKtr8wwY="
    },
    "@npm-polymer/prism": {
      "version": "1.6.0",
      "resolved": "https://registry.npmjs.org/@npm-polymer/prism/-/prism-1.6.0.tgz",
      "integrity": "sha1-re1mfvEkc9IB2oB2bn7OsB36rHY="
    },
    "@npm-polymer/prism-element": {
      "version": "1.2.0",
      "resolved": "https://registry.npmjs.org/@npm-polymer/prism-element/-/prism-element-1.2.0.tgz",
      "integrity": "sha1-koetXKtiN2VwW4mFE1hRVw3GyQs="
    },
    "@npm-polymer/prismjs": {
      "version": "1.6.0",
      "resolved": "https://registry.npmjs.org/@npm-polymer/prismjs/-/prismjs-1.6.0.tgz",
      "integrity": "sha1-YkLsVen5H2Eu10vDWs/oNct1bAs="
    },
    "@npm-polymer/promise-polyfill": {
      "version": "2.0.1",
      "resolved": "https://registry.npmjs.org/@npm-polymer/promise-polyfill/-/promise-polyfill-2.0.1.tgz",
      "integrity": "sha1-63qt8Id0KbginB/278Nk/Jl2XE4="
    },
    "@npm-polymer/seed-element": {
      "version": "1.0.7",
      "resolved": "https://registry.npmjs.org/@npm-polymer/seed-element/-/seed-element-1.0.7.tgz",
      "integrity": "sha1-NJAqb+FvRF8EnaHPyHu0hyORlZk="
    },
    "@npm-polymer/shadycss": {
      "version": "1.0.1",
      "resolved": "https://registry.npmjs.org/@npm-polymer/shadycss/-/shadycss-1.0.1.tgz",
      "integrity": "sha1-JqfNAH39/s3j6KFWLGem7/aif4k="
    },
    "@npm-polymer/sw-toolbox": {
      "version": "3.6.0",
      "resolved": "https://registry.npmjs.org/@npm-polymer/sw-toolbox/-/sw-toolbox-3.6.0.tgz",
      "integrity": "sha1-BVDpdWOfllaHSRxCKfZaCUerxSg="
    },
    "@npm-polymer/web-animations-js": {
      "version": "2.2.5",
      "resolved": "https://registry.npmjs.org/@npm-polymer/web-animations-js/-/web-animations-js-2.2.5.tgz",
      "integrity": "sha1-+6qilBPAkqZrsTxdVbSnJjN+Deo="
    },
    "@npm-polymer/webcomponentsjs": {
      "version": "1.0.1",
      "resolved": "https://registry.npmjs.org/@npm-polymer/webcomponentsjs/-/webcomponentsjs-1.0.1.tgz",
      "integrity": "sha1-FzOkXXf+PUJ2eeHjpHmYjgtSYIk="
    },
    "clipboard": {
      "version": "1.7.1",
      "resolved": "https://registry.npmjs.org/clipboard/-/clipboard-1.7.1.tgz",
      "integrity": "sha1-Ng1taUbpmnof7zleQrqStem1oWs=",
      "optional": true
    },
    "delegate": {
      "version": "3.1.3",
      "resolved": "https://registry.npmjs.org/delegate/-/delegate-3.1.3.tgz",
      "integrity": "sha1-moJRp3fXAl+qVXN7w7BxdCEnqf0=",
      "optional": true
    },
    "good-listener": {
      "version": "1.2.2",
      "resolved": "https://registry.npmjs.org/good-listener/-/good-listener-1.2.2.tgz",
      "integrity": "sha1-1TswzfkxPf+33JoNR3CWqm0UXFA=",
      "optional": true
    },
    "select": {
      "version": "1.1.2",
      "resolved": "https://registry.npmjs.org/select/-/select-1.1.2.tgz",
      "integrity": "sha1-DnNQrN7ICxEIUoeG7B1EGNEbOW0=",
      "optional": true
    },
    "tiny-emitter": {
      "version": "2.0.0",
      "resolved": "https://registry.npmjs.org/tiny-emitter/-/tiny-emitter-2.0.0.tgz",
      "integrity": "sha1-utMnrbGAS0KiMa+nQVMr2ITNCa0=",
      "optional": true
    }
  }
}
